<?xml version="1.0" encoding="utf-8"?>
<Project ToolsVersion="4.0" xmlns="http://schemas.microsoft.com/developer/msbuild/2003">
  <ItemGroup>
    <ClCompile Include="Src\Ranking\GameData.cpp" />
    <ClCompile Include="Src\Manager\SoundManager.cpp" />
    <ClCompile Include="Src\Object\Actor\Charactor\Object\ObjectTile.cpp" />
    <ClCompile Include="Src\Manager\ItemManager.cpp" />
    <ClCompile Include="Src\Object\Actor\Item\Item.cpp" />
    <ClCompile Include="Src\Object\Actor\Attack\AttackBase.cpp" />
    <ClCompile Include="Src\Object\Actor\Attack\AttackManager.cpp" />
    <ClCompile Include="Src\Object\Actor\Attack\StrategyAttack.cpp" />
    <ClCompile Include="Src\Object\Actor\Charactor\Object\ObjectTarai.cpp" />
    <ClCompile Include="Src\Object\Actor\Charactor\Object\ObjectBossGimmick.cpp" />
    <ClCompile Include="Src\Scene\GameClearScene.cpp" />
    <ClCompile Include="Src\Ranking\Ranking.cpp" />
    <ClCompile Include="Src\Manager\Score.cpp" />
    <ClCompile Include="Src\Object\Actor\IronBall.cpp" />
    <ClCompile Include="Src\Object\Common\Health.cpp" />
    <ClCompile Include="Src\Object\Actor\Charactor\Boss\BossBase.cpp" />
    <ClCompile Include="Src\Object\Actor\Charactor\Boss\BossDiablo.cpp" />
    <ClCompile Include="Src\Object\Actor\Charactor\Boss\BossOrc.cpp" />
    <ClCompile Include="Src\Object\Actor\Charactor\Boss\BossPixie.cpp" />
    <ClCompile Include="Src\Object\Actor\Charactor\Boss\BossManager.cpp" />
    <ClCompile Include="Src\Object\Actor\Charactor\Object\ObjectBase.cpp" />
    <ClCompile Include="Src\Object\Actor\Charactor\Object\ObjectBox.cpp" />
    <ClCompile Include="Src\Object\Actor\Charactor\Object\ObjectManager.cpp" />
    <ClCompile Include="Src\Object\Collider\ColliderSphere.cpp" />
    <ClCompile Include="Src\Object\Collider\ColliderCapsule.cpp" />
    <ClCompile Include="Src\Object\Collider\ColliderModel.cpp" />
    <ClCompile Include="Src\Object\Collider\ColliderLine.cpp" />
    <ClCompile Include="Src\Object\Collider\ColliderBase.cpp" />
    <ClCompile Include="Src\Object\Actor\Charactor\Player.cpp" />
    <ClCompile Include="Src\Object\Actor\Charactor\CharactorBase.cpp" />
    <ClCompile Include="Src\Object\Actor\SkyDome.cpp" />
    <ClCompile Include="Src\Common\FpsController.cpp" />
    <ClCompile Include="Src\Object\Actor\ActorBase.cpp" />
    <ClCompile Include="Src\Application.cpp" />
    <ClCompile Include="Src\Common\Fader.cpp" />
    <ClCompile Include="Src\Common\Quaternion.cpp" />
    <ClCompile Include="Src\Common\Vector2.cpp" />
    <ClCompile Include="Src\main.cpp" />
    <ClCompile Include="Src\Manager\Camera.cpp" />
    <ClCompile Include="Src\Manager\InputManager.cpp" />
    <ClCompile Include="Src\Manager\Resource.cpp" />
    <ClCompile Include="Src\Manager\ResourceManager.cpp" />
    <ClCompile Include="Src\Manager\SceneManager.cpp" />
    <ClCompile Include="Src\Object\Common\AnimationController.cpp" />
    <ClCompile Include="Src\Object\Common\Transform.cpp" />
    <ClCompile Include="Src\Scene\DebugScene.cpp" />
    <ClCompile Include="Src\Scene\GameOvereScene.cpp" />
    <ClCompile Include="Src\Scene\GameScene.cpp" />
    <ClCompile Include="Src\Scene\SceneBase.cpp" />
    <ClCompile Include="Src\Scene\TitleScene.cpp" />
    <ClCompile Include="Src\Utility\AsoUtility.cpp" />
    <ClCompile Include="Src\Utility\MatrixUtility.cpp" />
    <ClCompile Include="Src\Object\Actor\Stage.cpp" />
    <ClCompile Include="Src\Renderer\PostEffectRenderer\Src\Manager\PostEffectManager.cpp" />
    <ClCompile Include="Src\Renderer\PostEffectRenderer\Src\BlurShader.cpp" />
    <ClCompile Include="Src\Renderer\PostEffectRenderer\Src\MonoShader.cpp" />
    <ClCompile Include="Src\Renderer\PostEffectRenderer\Src\MosaicShader.cpp" />
    <ClCompile Include="Src\Renderer\PostEffectRenderer\Src\PostEffectBase.cpp" />
    <ClCompile Include="Src\Renderer\PostEffectRenderer\Src\ScanLineShader.cpp" />
    <ClCompile Include="Src\Renderer\UIRenderer\UIElements\Clock_Needle.cpp" />
    <ClCompile Include="Src\Renderer\UIRenderer\UIElements\Clock.cpp" />
    <ClCompile Include="Src\Renderer\UIRenderer\Base\UIBase.cpp" />
    <ClCompile Include="Src\Renderer\UIRenderer\UIElements\StaminaUI.cpp" />
    <ClCompile Include="Src\Renderer\UIRenderer\UIElements\SweatUI.cpp" />
    <ClCompile Include="Src\Renderer\UIRenderer\Base\UIBillboardBase.cpp" />
    <ClCompile Include="Src\Renderer\UIRenderer\Manager\UIManager.cpp" />
    <ClCompile Include="Src\Renderer\EffectRenderer\Base\EffectBase.cpp" />
    <ClCompile Include="Src\Renderer\EffectRenderer\Manager\EffectManager.cpp" />
    <ClCompile Include="Src\Manager\ServiceLocator.cpp" />
    <ClCompile Include="Src\Object\Actor\Charactor\Object\ObjectBurner.cpp" />
    <ClCompile Include="Src\Object\Actor\Charactor\Object\ObjectConveyer.cpp" />
    <ClCompile Include="Src\Object\Actor\Charactor\Object\NdlFloor.cpp" />
    <ClCompile Include="Src\Object\Actor\Charactor\Object\ObjectCage.cpp" />
  </ItemGroup>
  <ItemGroup>
    <ClInclude Include="Src\Ranking\GameData.h" />
    <ClInclude Include="Src\Manager\SoundManager.h" />
    <ClInclude Include="Src\Object\Actor\Charactor\Object\ObjectTile.h" />
    <ClInclude Include="Src\Manager\ItemManager.h" />
    <ClInclude Include="Src\Object\Actor\Item\Item.h" />
    <ClInclude Include="Src\Object\Actor\Attack\AttackBase.h" />
    <ClInclude Include="Src\Object\Actor\Attack\AttackManager.h" />
    <ClInclude Include="Src\Object\Actor\Attack\StrategyAttack.h" />
    <ClInclude Include="Src\Object\Actor\Charactor\Object\ObjectTarai.h" />
    <ClInclude Include="Src\Object\Actor\Charactor\Object\ObjectBossGimmick.h" />
    <ClInclude Include="Src\Scene\GameClearScene.h" />
    <ClInclude Include="Src\Ranking\Ranking.h" />
    <ClInclude Include="Src\Manager\Score.h" />
    <ClInclude Include="Src\Framework.h" />
    <ClInclude Include="Src\Object\Actor\IronBall.h" />
    <ClInclude Include="Src\Object\Common\Health.h" />
    <ClInclude Include="Src\Object\Actor\Charactor\Boss\BossBase.h" />
    <ClInclude Include="Src\Object\Actor\Charactor\Boss\BossDiablo.h" />
    <ClInclude Include="Src\Object\Actor\Charactor\Boss\BossOrc.h" />
    <ClInclude Include="Src\Object\Actor\Charactor\Boss\BossPixie.h" />
    <ClInclude Include="Src\Object\Actor\Charactor\Boss\BossManager.h" />
    <ClInclude Include="Src\Object\Actor\Charactor\Object\ObjectBox.h" />
    <ClInclude Include="Src\Object\Actor\Charactor\Object\ObjectBase.h" />
    <ClInclude Include="Src\Object\Actor\Charactor\Object\ObjectManager.h" />
    <ClInclude Include="Src\Object\Collider\ColliderSphere.h" />
    <ClInclude Include="Src\Object\Collider\ColliderCapsule.h" />
    <ClInclude Include="Src\Object\Collider\ColliderModel.h" />
    <ClInclude Include="Src\Object\Collider\ColliderLine.h" />
    <ClInclude Include="Src\Object\Collider\ColliderBase.h" />
    <ClInclude Include="Src\Object\Actor\Charactor\Player.h" />
    <ClInclude Include="Src\Object\Actor\Charactor\CharactorBase.h" />
    <ClInclude Include="Src\Object\Actor\SkyDome.h" />
    <ClInclude Include="Src\Common\FpsController.h" />
    <ClInclude Include="Src\Object\Actor\ActorBase.h" />
    <ClInclude Include="Src\Application.h" />
    <ClInclude Include="Src\Common\Fader.h" />
    <ClInclude Include="Src\Common\Quaternion.h" />
    <ClInclude Include="Src\Common\Vector2.h" />
    <ClInclude Include="Src\main.h" />
    <ClInclude Include="Src\Manager\Camera.h" />
    <ClInclude Include="Src\Manager\InputManager.h" />
    <ClInclude Include="Src\Manager\Resource.h" />
    <ClInclude Include="Src\Manager\ResourceManager.h" />
    <ClInclude Include="Src\Manager\SceneManager.h" />
    <ClInclude Include="Src\Object\Common\AnimationController.h" />
    <ClInclude Include="Src\Object\Common\Transform.h" />
    <ClInclude Include="Src\Scene\DebugScene.h" />
    <ClInclude Include="Src\Scene\GameOvereScene.h" />
    <ClInclude Include="Src\Scene\GameScene.h" />
    <ClInclude Include="Src\Scene\SceneBase.h" />
    <ClInclude Include="Src\Scene\TitleScene.h" />
    <ClInclude Include="Src\Utility\AsoUtility.h" />
    <ClInclude Include="Src\Utility\MatrixUtility.h" />
    <ClInclude Include="Src\Object\Actor\Stage.h" />
    <ClInclude Include="Src\Renderer\PostEffectRenderer\Src\Manager\PostEffectManager.h" />
    <ClInclude Include="Src\Renderer\PostEffectRenderer\Src\BlurShader.h" />
    <ClInclude Include="Src\Renderer\PostEffectRenderer\Src\MonoShader.h" />
    <ClInclude Include="Src\Renderer\PostEffectRenderer\Src\MosaicShader.h" />
    <ClInclude Include="Src\Renderer\PostEffectRenderer\Src\PostEffectBase.h" />
    <ClInclude Include="Src\Renderer\PostEffectRenderer\Src\ScanLineShader.h" />
    <ClInclude Include="Src\Object\UI\UI.h" />
    <ClInclude Include="Src\Renderer\UIRenderer\UIElements\Clock_Needle.h" />
    <ClInclude Include="Src\Renderer\UIRenderer\UIElements\Clock.h" />
    <ClInclude Include="Src\Renderer\UIRenderer\Base\UIBase.h" />
    <ClInclude Include="Src\Renderer\UIRenderer\UIElements\StaminaUI.h" />
    <ClInclude Include="Src\Renderer\UIRenderer\UIElements\SweatUI.h" />
    <ClInclude Include="Src\Renderer\UIRenderer\Base\UIBillboardBase.h" />
    <ClInclude Include="Src\Renderer\UIRenderer\Manager\UIManager.h" />
    <ClInclude Include="Src\Renderer\EffectRenderer\Base\EffectBase.h" />
    <ClInclude Include="Src\Renderer\EffectRenderer\Manager\EffectManager.h" />
    <ClInclude Include="Src\Manager\ServiceLocator.h" />
    <ClInclude Include="Src\Renderer\PostEffectRenderer\Src\Vignette.h" />
    <ClInclude Include="Src\Object\Actor\Charactor\Object\ObjectBurner.h" />
    <ClInclude Include="Src\Object\Actor\Charactor\Object\ObjectConveyer.h" />
    <ClInclude Include="Src\Object\Actor\Charactor\Object\NdlFloor.h" />
    <ClInclude Include="Src\Object\Actor\Charactor\Object\ObjectCage.h" />
  </ItemGroup>
  <ItemGroup>
    <None Include="Src\Renderer\PostEffectRenderer\Common\Pixel\PixelShader2DHeader.hlsli" />
    <None Include="Src\Renderer\PostEffectRenderer\Common\Pixel\PixelShader3DHeader.hlsli" />
    <None Include="Src\Renderer\PostEffectRenderer\Common\Vertex\CommonShader3DHeader.hlsli" />
    <None Include="Src\Renderer\PostEffectRenderer\Common\Vertex\VertexInput.hlsli" />
    <None Include="Src\Renderer\PostEffectRenderer\Common\Vertex\VertexInputType.hlsli" />
    <None Include="Src\Renderer\PostEffectRenderer\Common\Vertex\VertexShader3DHeader.hlsli" />
    <None Include="Src\Renderer\PostEffectRenderer\Common\VertexToPixelHeader.hlsli" />
    <None Include="Src\Renderer\PostEffectRenderer\PostEffect\Vignette.hlsli" />
  </ItemGroup>
  <ItemGroup>
    <FxCompile Include="Src\Renderer\PostEffectRenderer\PostEffect\Blur.hlsl" />
    <FxCompile Include="Src\Renderer\PostEffectRenderer\PostEffect\Monotone.hlsl" />
    <FxCompile Include="Src\Renderer\PostEffectRenderer\PostEffect\Mosaic.hlsl" />
    <FxCompile Include="Src\Renderer\PostEffectRenderer\PostEffect\ScanLineShader.hlsl" />
    <FxCompile Include="Src\Renderer\PostEffectRenderer\PostEffect\Noise.hlsl" />
  </ItemGroup>
</Project>